{
  "nodes": {
    "advisory-db": {
      "flake": false,
      "locked": {
        "lastModified": 1759506957,
        "narHash": "sha256-czXIV7Yxo4MlBnItk0h6nomIcgUbq0qmOa8a7/fzKjI=",
        "owner": "rustsec",
        "repo": "advisory-db",
        "rev": "ce9208c0021cd8a6b66ff4b345171e8eedd0441c",
        "type": "github"
      },
      "original": {
        "owner": "rustsec",
        "repo": "advisory-db",
        "type": "github"
      }
    },
    "crane": {
      "locked": {
        "lastModified": 1759691647,
        "narHash": "sha256-OnyPw3KaXL909I+FNyD6jfkAP/gdL/K0iitMHxo7ieM=",
        "owner": "ipetkov",
        "repo": "crane",
        "rev": "1e7905b1eb1b551aade75169940557b6c51ed920",
        "type": "github"
      },
      "original": {
        "owner": "ipetkov",
        "repo": "crane",
        "type": "github"
      }
    },
    "fenix": {
      "inputs": {
        "nixpkgs": [
          "nixpkgs"
        ],
        "rust-analyzer-src": []
      },
      "locked": {
        "lastModified": 1759732757,
        "narHash": "sha256-RUR2yXYbKSoDvI/JdH0AvojFjhCfxBXOA/BtGUpaoR0=",
        "owner": "nix-community",
        "repo": "fenix",
        "rev": "1d3600dda5c27ddbc9c424bb4edae744bdb9b14d",
        "type": "github"
      },
      "original": {
        "owner": "nix-community",
        "repo": "fenix",
        "type": "github"
      }
    },
    "flake-utils": {
      "inputs": {
        "systems": "systems"
      },
      "locked": {
        "lastModified": 1731533236,
        "narHash": "sha256-l0KFg5HjrsfsO/JpG+r7fRrqm12kzFHyUHqHCVpMMbI=",
        "owner": "numtide",
        "repo": "flake-utils",
        "rev": "11707dc2f618dd54ca8739b309ec4fc024de578b",
        "type": "github"
      },
      "original": {
        "owner": "numtide",
        "repo": "flake-utils",
        "type": "github"
      }
    },
    "nixpkgs": {
      "locked": {
        "lastModified": 1759786270,
        "narHash": "sha256-jguG7DeIjtQETS+BBK1WCMJ9kgsXVyoL+YPnMdbamis=",
        "owner": "NixOS",
        "repo": "nixpkgs",
        "rev": "f29fe55e18fd880f6e636f3aa16b23c619bfcf02",
        "type": "github"
      },
      "original": {
        "owner": "NixOS",
        "ref": "release-25.05",
        "repo": "nixpkgs",
        "type": "github"
      }
    },
    "root": {
      "inputs": {
        "advisory-db": "advisory-db",
        "crane": "crane",
        "fenix": "fenix",
        "flake-utils": "flake-utils",
        "nixpkgs": "nixpkgs",
        "rust-overlay": "rust-overlay"
      }
    },
    "rust-overlay": {
      "inputs": {
        "nixpkgs": [
          "nixpkgs"
        ]
      },
      "locked": {
        "lastModified": 1759718104,
        "narHash": "sha256-TbkLsgdnXHUXR4gOQBmhxkEE9ne+eHmX1chZHWRogy0=",
        "owner": "oxalica",
        "repo": "rust-overlay",
        "rev": "edea9f33f9a03f615ad3609a40fbcefe0ec835ca",
        "type": "github"
      },
      "original": {
        "owner": "oxalica",
        "repo": "rust-overlay",
        "type": "github"
      }
    },
    "systems": {
      "locked": {
        "lastModified": 1681028828,
        "narHash": "sha256-Vy1rq5AaRuLzOxct8nz4T6wlgyUR7zLU309k9mBC768=",
        "owner": "nix-systems",
        "repo": "default",
        "rev": "da67096a3b9bf56a91d16901293e51ba5b49a27e",
        "type": "github"
      },
      "original": {
        "owner": "nix-systems",
        "repo": "default",
        "type": "github"
      }
    }
  },
  "root": "root",
  "version": 7
}
